
Microsoft Visual Studio Solution File, Format Version 12.00
# Visual Studio 15
VisualStudioVersion = 15.0.27004.2008
MinimumVisualStudioVersion = 10.0.40219.1
Project("{9A19103F-16F7-4668-BE54-9A1E7A4F7556}") = "Employees.App", "Employees.App\Employees.App.csproj", "{BBF9EAA2-78CE-4972-B008-A00C3BAC7B2F}"
EndProject
Project("{9A19103F-16F7-4668-BE54-9A1E7A4F7556}") = "Employees.Data", "Employees.Data\Employees.Data.csproj", "{DC1D60FD-4ECE-48A2-AECB-AD4AAC5E5367}"
EndProject
Project("{FAE04EC0-301F-11D3-BF4B-00C04F79EFBC}") = "Employees.Models", "Employees.Models\Employees.Models.csproj", "{CBDECDB9-87D6-4981-8094-06E8ACC846CA}"
EndProject
Project("{FAE04EC0-301F-11D3-BF4B-00C04F79EFBC}") = "Employees.Services", "Employees.Services\Employees.Services.csproj", "{F9C66441-4D8C-4A65-8B26-4C8046707677}"
EndProject
Project("{FAE04EC0-301F-11D3-BF4B-00C04F79EFBC}") = "Employees.DtoModels", "Employees.DtoModels\Employees.DtoModels.csproj", "{881CB642-F27D-410F-BBAE-2B156716A13E}"
EndProject
Global
	GlobalSection(SolutionConfigurationPlatforms) = preSolution
		Debug|Any CPU = Debug|Any CPU
		Release|Any CPU = Release|Any CPU
	EndGlobalSection
	GlobalSection(ProjectConfigurationPlatforms) = postSolution
		{BBF9EAA2-78CE-4972-B008-A00C3BAC7B2F}.Debug|Any CPU.ActiveCfg = Debug|Any CPU
		{BBF9EAA2-78CE-4972-B008-A00C3BAC7B2F}.Debug|Any CPU.Build.0 = Debug|Any CPU
		{BBF9EAA2-78CE-4972-B008-A00C3BAC7B2F}.Release|Any CPU.ActiveCfg = Release|Any CPU
		{BBF9EAA2-78CE-4972-B008-A00C3BAC7B2F}.Release|Any CPU.Build.0 = Release|Any CPU
		{DC1D60FD-4ECE-48A2-AECB-AD4AAC5E5367}.Debug|Any CPU.ActiveCfg = Debug|Any CPU
		{DC1D60FD-4ECE-48A2-AECB-AD4AAC5E5367}.Debug|Any CPU.Build.0 = Debug|Any CPU
		{DC1D60FD-4ECE-48A2-AECB-AD4AAC5E5367}.Release|Any CPU.ActiveCfg = Release|Any CPU
		{DC1D60FD-4ECE-48A2-AECB-AD4AAC5E5367}.Release|Any CPU.Build.0 = Release|Any CPU
		{CBDECDB9-87D6-4981-8094-06E8ACC846CA}.Debug|Any CPU.ActiveCfg = Debug|Any CPU
		{CBDECDB9-87D6-4981-8094-06E8ACC846CA}.Debug|Any CPU.Build.0 = Debug|Any CPU
		{CBDECDB9-87D6-4981-8094-06E8ACC846CA}.Release|Any CPU.ActiveCfg = Release|Any CPU
		{CBDECDB9-87D6-4981-8094-06E8ACC846CA}.Release|Any CPU.Build.0 = Release|Any CPU
		{F9C66441-4D8C-4A65-8B26-4C8046707677}.Debug|Any CPU.ActiveCfg = Debug|Any CPU
		{F9C66441-4D8C-4A65-8B26-4C8046707677}.Debug|Any CPU.Build.0 = Debug|Any CPU
		{F9C66441-4D8C-4A65-8B26-4C8046707677}.Release|Any CPU.ActiveCfg = Release|Any CPU
		{F9C66441-4D8C-4A65-8B26-4C8046707677}.Release|Any CPU.Build.0 = Release|Any CPU
		{881CB642-F27D-410F-BBAE-2B156716A13E}.Debug|Any CPU.ActiveCfg = Debug|Any CPU
		{881CB642-F27D-410F-BBAE-2B156716A13E}.Debug|Any CPU.Build.0 = Debug|Any CPU
		{881CB642-F27D-410F-BBAE-2B156716A13E}.Release|Any CPU.ActiveCfg = Release|Any CPU
		{881CB642-F27D-410F-BBAE-2B156716A13E}.Release|Any CPU.Build.0 = Release|Any CPU
	EndGlobalSection
	GlobalSection(SolutionProperties) = preSolution
		HideSolutionNode = FALSE
	EndGlobalSection
	GlobalSection(ExtensibilityGlobals) = postSolution
		SolutionGuid = {60933733-F0CD-4DC9-893F-69BDED9C6672}
	EndGlobalSection
EndGlobal
