
Microsoft Visual Studio Solution File, Format Version 12.00
# Visual Studio 15
VisualStudioVersion = 15.0.27004.2008
MinimumVisualStudioVersion = 10.0.40219.1
Project("{FAE04EC0-301F-11D3-BF4B-00C04F79EFBC}") = "P01_StudentSystem", "P01_StudentSystem\P01_StudentSystem.csproj", "{5D335C65-913C-4061-BF0D-DA8A1E3B25A5}"
EndProject
Project("{FAE04EC0-301F-11D3-BF4B-00C04F79EFBC}") = "P01_StudentSystem.Data", "P01_StudentSystem.Data\P01_StudentSystem.Data.csproj", "{E98998AC-0834-4A26-BAFE-DD43BBB168CE}"
EndProject
Project("{FAE04EC0-301F-11D3-BF4B-00C04F79EFBC}") = "P01_StudentSystem.Data.Models", "P01_StudentSystem.Data.Models\P01_StudentSystem.Data.Models.csproj", "{599C366D-8565-41BF-8B07-0953FB4D754D}"
EndProject
Global
	GlobalSection(SolutionConfigurationPlatforms) = preSolution
		Debug|Any CPU = Debug|Any CPU
		Release|Any CPU = Release|Any CPU
	EndGlobalSection
	GlobalSection(ProjectConfigurationPlatforms) = postSolution
		{5D335C65-913C-4061-BF0D-DA8A1E3B25A5}.Debug|Any CPU.ActiveCfg = Debug|Any CPU
		{5D335C65-913C-4061-BF0D-DA8A1E3B25A5}.Debug|Any CPU.Build.0 = Debug|Any CPU
		{5D335C65-913C-4061-BF0D-DA8A1E3B25A5}.Release|Any CPU.ActiveCfg = Release|Any CPU
		{5D335C65-913C-4061-BF0D-DA8A1E3B25A5}.Release|Any CPU.Build.0 = Release|Any CPU
		{E98998AC-0834-4A26-BAFE-DD43BBB168CE}.Debug|Any CPU.ActiveCfg = Debug|Any CPU
		{E98998AC-0834-4A26-BAFE-DD43BBB168CE}.Debug|Any CPU.Build.0 = Debug|Any CPU
		{E98998AC-0834-4A26-BAFE-DD43BBB168CE}.Release|Any CPU.ActiveCfg = Release|Any CPU
		{E98998AC-0834-4A26-BAFE-DD43BBB168CE}.Release|Any CPU.Build.0 = Release|Any CPU
		{599C366D-8565-41BF-8B07-0953FB4D754D}.Debug|Any CPU.ActiveCfg = Debug|Any CPU
		{599C366D-8565-41BF-8B07-0953FB4D754D}.Debug|Any CPU.Build.0 = Debug|Any CPU
		{599C366D-8565-41BF-8B07-0953FB4D754D}.Release|Any CPU.ActiveCfg = Release|Any CPU
		{599C366D-8565-41BF-8B07-0953FB4D754D}.Release|Any CPU.Build.0 = Release|Any CPU
	EndGlobalSection
	GlobalSection(SolutionProperties) = preSolution
		HideSolutionNode = FALSE
	EndGlobalSection
	GlobalSection(ExtensibilityGlobals) = postSolution
		SolutionGuid = {E09F9275-264D-441B-B0EC-5268A1E6E8DC}
	EndGlobalSection
EndGlobal
