
Microsoft Visual Studio Solution File, Format Version 12.00
# Visual Studio 15
VisualStudioVersion = 15.0.27004.2008
MinimumVisualStudioVersion = 10.0.40219.1
Project("{FAE04EC0-301F-11D3-BF4B-00C04F79EFBC}") = "P02_DatabaseFirst", "P02_DatabaseFirst\P02_DatabaseFirst.csproj", "{376FAACA-EC87-40FA-AE9A-0A442B144119}"
EndProject
Global
	GlobalSection(SolutionConfigurationPlatforms) = preSolution
		Debug|Any CPU = Debug|Any CPU
		Release|Any CPU = Release|Any CPU
	EndGlobalSection
	GlobalSection(ProjectConfigurationPlatforms) = postSolution
		{376FAACA-EC87-40FA-AE9A-0A442B144119}.Debug|Any CPU.ActiveCfg = Debug|Any CPU
		{376FAACA-EC87-40FA-AE9A-0A442B144119}.Debug|Any CPU.Build.0 = Debug|Any CPU
		{376FAACA-EC87-40FA-AE9A-0A442B144119}.Release|Any CPU.ActiveCfg = Release|Any CPU
		{376FAACA-EC87-40FA-AE9A-0A442B144119}.Release|Any CPU.Build.0 = Release|Any CPU
	EndGlobalSection
	GlobalSection(SolutionProperties) = preSolution
		HideSolutionNode = FALSE
	EndGlobalSection
	GlobalSection(ExtensibilityGlobals) = postSolution
		SolutionGuid = {A2DF4135-59BC-4EA3-83C1-2CA8D84680CE}
	EndGlobalSection
EndGlobal
